
Microsoft Visual Studio Solution File, Format Version 12.00
# Visual Studio 2012
Project("{FAE04EC0-301F-11D3-BF4B-00C04F79EFBC}") = "Calculadora2017", "Calculadora2017\Calculadora2017.csproj", "{9ED50617-74F4-4A26-A32C-AF1631E5D6AD}"
EndProject
Global
	GlobalSection(SolutionConfigurationPlatforms) = preSolution
		Debug|Any CPU = Debug|Any CPU
		Release|Any CPU = Release|Any CPU
	EndGlobalSection
	GlobalSection(ProjectConfigurationPlatforms) = postSolution
		{9ED50617-74F4-4A26-A32C-AF1631E5D6AD}.Debug|Any CPU.ActiveCfg = Debug|Any CPU
		{9ED50617-74F4-4A26-A32C-AF1631E5D6AD}.Debug|Any CPU.Build.0 = Debug|Any CPU
		{9ED50617-74F4-4A26-A32C-AF1631E5D6AD}.Release|Any CPU.ActiveCfg = Release|Any CPU
		{9ED50617-74F4-4A26-A32C-AF1631E5D6AD}.Release|Any CPU.Build.0 = Release|Any CPU
	EndGlobalSection
	GlobalSection(SolutionProperties) = preSolution
		HideSolutionNode = FALSE
	EndGlobalSection
EndGlobal
